
Microsoft Visual Studio Solution File, Format Version 12.00
# Visual Studio Version 16
VisualStudioVersion = 16.0.31205.134
MinimumVisualStudioVersion = 10.0.40219.1
Project("{FAE04EC0-301F-11D3-BF4B-00C04F79EFBC}") = "ConsoleApp1", "ConsoleApp1\ConsoleApp1.csproj", "{6CBF1B24-FD83-4FFF-9B37-056D0BEB0756}"
EndProject
Project("{FAE04EC0-301F-11D3-BF4B-00C04F79EFBC}") = "WindowsFormsApp1", "WindowsFormsApp1\WindowsFormsApp1.csproj", "{A11E6218-F156-4E40-ABBC-98EAC1B8C027}"
EndProject
Global
	GlobalSection(SolutionConfigurationPlatforms) = preSolution
		Debug|Any CPU = Debug|Any CPU
		Release|Any CPU = Release|Any CPU
	EndGlobalSection
	GlobalSection(ProjectConfigurationPlatforms) = postSolution
		{6CBF1B24-FD83-4FFF-9B37-056D0BEB0756}.Debug|Any CPU.ActiveCfg = Debug|Any CPU
		{6CBF1B24-FD83-4FFF-9B37-056D0BEB0756}.Debug|Any CPU.Build.0 = Debug|Any CPU
		{6CBF1B24-FD83-4FFF-9B37-056D0BEB0756}.Release|Any CPU.ActiveCfg = Release|Any CPU
		{6CBF1B24-FD83-4FFF-9B37-056D0BEB0756}.Release|Any CPU.Build.0 = Release|Any CPU
		{A11E6218-F156-4E40-ABBC-98EAC1B8C027}.Debug|Any CPU.ActiveCfg = Debug|Any CPU
		{A11E6218-F156-4E40-ABBC-98EAC1B8C027}.Debug|Any CPU.Build.0 = Debug|Any CPU
		{A11E6218-F156-4E40-ABBC-98EAC1B8C027}.Release|Any CPU.ActiveCfg = Release|Any CPU
		{A11E6218-F156-4E40-ABBC-98EAC1B8C027}.Release|Any CPU.Build.0 = Release|Any CPU
	EndGlobalSection
	GlobalSection(SolutionProperties) = preSolution
		HideSolutionNode = FALSE
	EndGlobalSection
	GlobalSection(ExtensibilityGlobals) = postSolution
		SolutionGuid = {B20FD0F5-9685-4AEE-8DA7-CBEBE8C176F8}
	EndGlobalSection
EndGlobal
